// !$*UTF8*$!
{
	archiveVersion = 1;
	classes = {
	};
	objectVersion = 46;
	objects = {

/* Begin PBXBuildFile section */
		68EF23CE1C0DF7C500624F4E /* AppDelegate.swift in Sources */ = {isa = PBXBuildFile; fileRef = 68EF23CD1C0DF7C500624F4E /* AppDelegate.swift */; };
		68EF23D01C0DF7C500624F4E /* ViewController.swift in Sources */ = {isa = PBXBuildFile; fileRef = 68EF23CF1C0DF7C500624F4E /* ViewController.swift */; };
		68EF23D31C0DF7C500624F4E /* Main.storyboard in Resources */ = {isa = PBXBuildFile; fileRef = 68EF23D11C0DF7C500624F4E /* Main.storyboard */; };
		68EF23D51C0DF7C500624F4E /* Assets.xcassets in Resources */ = {isa = PBXBuildFile; fileRef = 68EF23D41C0DF7C500624F4E /* Assets.xcassets */; };
		68EF23D81C0DF7C500624F4E /* LaunchScreen.storyboard in Resources */ = {isa = PBXBuildFile; fileRef = 68EF23D61C0DF7C500624F4E /* LaunchScreen.storyboard */; };
		68EF23E31C0DF7C600624F4E /* MFFiOS2015Tests.swift in Sources */ = {isa = PBXBuildFile; fileRef = 68EF23E21C0DF7C600624F4E /* MFFiOS2015Tests.swift */; };
		68EF23EE1C0DF7C600624F4E /* MFFiOS2015UITests.swift in Sources */ = {isa = PBXBuildFile; fileRef = 68EF23ED1C0DF7C600624F4E /* MFFiOS2015UITests.swift */; };
/* End PBXBuildFile section */

/* Begin PBXContainerItemProxy section */
		68EF23DF1C0DF7C600624F4E /* PBXContainerItemProxy */ = {
			isa = PBXContainerItemProxy;
			containerPortal = 68EF23C21C0DF7C500624F4E /* Project object */;
			proxyType = 1;
			remoteGlobalIDString = 68EF23C91C0DF7C500624F4E;
			remoteInfo = MFFiOS2015;
		};
		68EF23EA1C0DF7C600624F4E /* PBXContainerItemProxy */ = {
			isa = PBXContainerItemProxy;
			containerPortal = 68EF23C21C0DF7C500624F4E /* Project object */;
			proxyType = 1;
			remoteGlobalIDString = 68EF23C91C0DF7C500624F4E;
			remoteInfo = MFFiOS2015;
		};
/* End PBXContainerItemProxy section */

/* Begin PBXFileReference section */
		68EF23CA1C0DF7C500624F4E /* MFFiOS2015.app */ = {isa = PBXFileReference; explicitFileType = wrapper.application; includeInIndex = 0; path = MFFiOS2015.app; sourceTree = BUILT_PRODUCTS_DIR; };
		68EF23CD1C0DF7C500624F4E /* AppDelegate.swift */ = {isa = PBXFileReference; lastKnownFileType = sourcecode.swift; path = AppDelegate.swift; sourceTree = "<group>"; };
		68EF23CF1C0DF7C500624F4E /* ViewController.swift */ = {isa = PBXFileReference; lastKnownFileType = sourcecode.swift; path = ViewController.swift; sourceTree = "<group>"; };
		68EF23D21C0DF7C500624F4E /* Base */ = {isa = PBXFileReference; lastKnownFileType = file.storyboard; name = Base; path = Base.lproj/Main.storyboard; sourceTree = "<group>"; };
		68EF23D41C0DF7C500624F4E /* Assets.xcassets */ = {isa = PBXFileReference; lastKnownFileType = folder.assetcatalog; path = Assets.xcassets; sourceTree = "<group>"; };
		68EF23D71C0DF7C500624F4E /* Base */ = {isa = PBXFileReference; lastKnownFileType = file.storyboard; name = Base; path = Base.lproj/LaunchScreen.storyboard; sourceTree = "<group>"; };
		68EF23D91C0DF7C500624F4E /* Info.plist */ = {isa = PBXFileReference; lastKnownFileType = text.plist.xml; path = Info.plist; sourceTree = "<group>"; };
		68EF23DE1C0DF7C600624F4E /* MFFiOS2015Tests.xctest */ = {isa = PBXFileReference; explicitFileType = wrapper.cfbundle; includeInIndex = 0; path = MFFiOS2015Tests.xctest; sourceTree = BUILT_PRODUCTS_DIR; };
		68EF23E21C0DF7C600624F4E /* MFFiOS2015Tests.swift */ = {isa = PBXFileReference; lastKnownFileType = sourcecode.swift; path = MFFiOS2015Tests.swift; sourceTree = "<group>"; };
		68EF23E41C0DF7C600624F4E /* Info.plist */ = {isa = PBXFileReference; lastKnownFileType = text.plist.xml; path = Info.plist; sourceTree = "<group>"; };
		68EF23E91C0DF7C600624F4E /* MFFiOS2015UITests.xctest */ = {isa = PBXFileReference; explicitFileType = wrapper.cfbundle; includeInIndex = 0; path = MFFiOS2015UITests.xctest; sourceTree = BUILT_PRODUCTS_DIR; };
		68EF23ED1C0DF7C600624F4E /* MFFiOS2015UITests.swift */ = {isa = PBXFileReference; lastKnownFileType = sourcecode.swift; path = MFFiOS2015UITests.swift; sourceTree = "<group>"; };
		68EF23EF1C0DF7C600624F4E /* Info.plist */ = {isa = PBXFileReference; lastKnownFileType = text.plist.xml; path = Info.plist; sourceTree = "<group>"; };
/* End PBXFileReference section */

/* Begin PBXFrameworksBuildPhase section */
		68EF23C71C0DF7C500624F4E /* Frameworks */ = {
			isa = PBXFrameworksBuildPhase;
			buildActionMask = 2147483647;
			files = (
			);
			runOnlyForDeploymentPostprocessing = 0;
		};
		68EF23DB1C0DF7C600624F4E /* Frameworks */ = {
			isa = PBXFrameworksBuildPhase;
			buildActionMask = 2147483647;
			files = (
			);
			runOnlyForDeploymentPostprocessing = 0;
		};
		68EF23E61C0DF7C600624F4E /* Frameworks */ = {
			isa = PBXFrameworksBuildPhase;
			buildActionMask = 2147483647;
			files = (
			);
			runOnlyForDeploymentPostprocessing = 0;
		};
/* End PBXFrameworksBuildPhase section */

/* Begin PBXGroup section */
		68EF23C11C0DF7C500624F4E = {
			isa = PBXGroup;
			children = (
				68EF23CC1C0DF7C500624F4E /* MFFiOS2015 */,
				68EF23E11C0DF7C600624F4E /* MFFiOS2015Tests */,
				68EF23EC1C0DF7C600624F4E /* MFFiOS2015UITests */,
				68EF23CB1C0DF7C500624F4E /* Products */,
			);
			sourceTree = "<group>";
		};
		68EF23CB1C0DF7C500624F4E /* Products */ = {
			isa = PBXGroup;
			children = (
				68EF23CA1C0DF7C500624F4E /* MFFiOS2015.app */,
				68EF23DE1C0DF7C600624F4E /* MFFiOS2015Tests.xctest */,
				68EF23E91C0DF7C600624F4E /* MFFiOS2015UITests.xctest */,
			);
			name = Products;
			sourceTree = "<group>";
		};
		68EF23CC1C0DF7C500624F4E /* MFFiOS2015 */ = {
			isa = PBXGroup;
			children = (
				68EF23CD1C0DF7C500624F4E /* AppDelegate.swift */,
				68EF23CF1C0DF7C500624F4E /* ViewController.swift */,
				68EF23D11C0DF7C500624F4E /* Main.storyboard */,
				68EF23D41C0DF7C500624F4E /* Assets.xcassets */,
				68EF23D61C0DF7C500624F4E /* LaunchScreen.storyboard */,
				68EF23D91C0DF7C500624F4E /* Info.plist */,
			);
			path = MFFiOS2015;
			sourceTree = "<group>";
		};
		68EF23E11C0DF7C600624F4E /* MFFiOS2015Tests */ = {
			isa = PBXGroup;
			children = (
				68EF23E21C0DF7C600624F4E /* MFFiOS2015Tests.swift */,
				68EF23E41C0DF7C600624F4E /* Info.plist */,
			);
			path = MFFiOS2015Tests;
			sourceTree = "<group>";
		};
		68EF23EC1C0DF7C600624F4E /* MFFiOS2015UITests */ = {
			isa = PBXGroup;
			children = (
				68EF23ED1C0DF7C600624F4E /* MFFiOS2015UITests.swift */,
				68EF23EF1C0DF7C600624F4E /* Info.plist */,
			);
			path = MFFiOS2015UITests;
			sourceTree = "<group>";
		};
/* End PBXGroup section */

/* Begin PBXNativeTarget section */
		68EF23C91C0DF7C500624F4E /* MFFiOS2015 */ = {
			isa = PBXNativeTarget;
			buildConfigurationList = 68EF23F21C0DF7C600624F4E /* Build configuration list for PBXNativeTarget "MFFiOS2015" */;
			buildPhases = (
				68EF23C61C0DF7C500624F4E /* Sources */,
				68EF23C71C0DF7C500624F4E /* Frameworks */,
				68EF23C81C0DF7C500624F4E /* Resources */,
			);
			buildRules = (
			);
			dependencies = (
			);
			name = MFFiOS2015;
			productName = MFFiOS2015;
			productReference = 68EF23CA1C0DF7C500624F4E /* MFFiOS2015.app */;
			productType = "com.apple.product-type.application";
		};
		68EF23DD1C0DF7C600624F4E /* MFFiOS2015Tests */ = {
			isa = PBXNativeTarget;
			buildConfigurationList = 68EF23F51C0DF7C600624F4E /* Build configuration list for PBXNativeTarget "MFFiOS2015Tests" */;
			buildPhases = (
				68EF23DA1C0DF7C600624F4E /* Sources */,
				68EF23DB1C0DF7C600624F4E /* Frameworks */,
				68EF23DC1C0DF7C600624F4E /* Resources */,
			);
			buildRules = (
			);
			dependencies = (
				68EF23E01C0DF7C600624F4E /* PBXTargetDependency */,
			);
			name = MFFiOS2015Tests;
			productName = MFFiOS2015Tests;
			productReference = 68EF23DE1C0DF7C600624F4E /* MFFiOS2015Tests.xctest */;
			productType = "com.apple.product-type.bundle.unit-test";
		};
		68EF23E81C0DF7C600624F4E /* MFFiOS2015UITests */ = {
			isa = PBXNativeTarget;
			buildConfigurationList = 68EF23F81C0DF7C600624F4E /* Build configuration list for PBXNativeTarget "MFFiOS2015UITests" */;
			buildPhases = (
				68EF23E51C0DF7C600624F4E /* Sources */,
				68EF23E61C0DF7C600624F4E /* Frameworks */,
				68EF23E71C0DF7C600624F4E /* Resources */,
			);
			buildRules = (
			);
			dependencies = (
				68EF23EB1C0DF7C600624F4E /* PBXTargetDependency */,
			);
			name = MFFiOS2015UITests;
			productName = MFFiOS2015UITests;
			productReference = 68EF23E91C0DF7C600624F4E /* MFFiOS2015UITests.xctest */;
			productType = "com.apple.product-type.bundle.ui-testing";
		};
/* End PBXNativeTarget section */

/* Begin PBXProject section */
		68EF23C21C0DF7C500624F4E /* Project object */ = {
			isa = PBXProject;
			attributes = {
				LastSwiftUpdateCheck = 0710;
				LastUpgradeCheck = 0710;
				ORGANIZATIONNAME = avast;
				TargetAttributes = {
					68EF23C91C0DF7C500624F4E = {
						CreatedOnToolsVersion = 7.1.1;
					};
					68EF23DD1C0DF7C600624F4E = {
						CreatedOnToolsVersion = 7.1.1;
						TestTargetID = 68EF23C91C0DF7C500624F4E;
					};
					68EF23E81C0DF7C600624F4E = {
						CreatedOnToolsVersion = 7.1.1;
						TestTargetID = 68EF23C91C0DF7C500624F4E;
					};
				};
			};
			buildConfigurationList = 68EF23C51C0DF7C500624F4E /* Build configuration list for PBXProject "MFFiOS2015" */;
			compatibilityVersion = "Xcode 3.2";
			developmentRegion = English;
			hasScannedForEncodings = 0;
			knownRegions = (
				en,
				Base,
			);
			mainGroup = 68EF23C11C0DF7C500624F4E;
			productRefGroup = 68EF23CB1C0DF7C500624F4E /* Products */;
			projectDirPath = "";
			projectRoot = "";
			targets = (
				68EF23C91C0DF7C500624F4E /* MFFiOS2015 */,
				68EF23DD1C0DF7C600624F4E /* MFFiOS2015Tests */,
				68EF23E81C0DF7C600624F4E /* MFFiOS2015UITests */,
			);
		};
/* End PBXProject section */

/* Begin PBXResourcesBuildPhase section */
		68EF23C81C0DF7C500624F4E /* Resources */ = {
			isa = PBXResourcesBuildPhase;
			buildActionMask = 2147483647;
			files = (
				68EF23D81C0DF7C500624F4E /* LaunchScreen.storyboard in Resources */,
				68EF23D51C0DF7C500624F4E /* Assets.xcassets in Resources */,
				68EF23D31C0DF7C500624F4E /* Main.storyboard in Resources */,
			);
			runOnlyForDeploymentPostprocessing = 0;
		};
		68EF23DC1C0DF7C600624F4E /* Resources */ = {
			isa = PBXResourcesBuildPhase;
			buildActionMask = 2147483647;
			files = (
			);
			runOnlyForDeploymentPostprocessing = 0;
		};
		68EF23E71C0DF7C600624F4E /* Resources */ = {
			isa = PBXResourcesBuildPhase;
			buildActionMask = 2147483647;
			files = (
			);
			runOnlyForDeploymentPostprocessing = 0;
		};
/* End PBXResourcesBuildPhase section */

/* Begin PBXSourcesBuildPhase section */
		68EF23C61C0DF7C500624F4E /* Sources */ = {
			isa = PBXSourcesBuildPhase;
			buildActionMask = 2147483647;
			files = (
				68EF23D01C0DF7C500624F4E /* ViewController.swift in Sources */,
				68EF23CE1C0DF7C500624F4E /* AppDelegate.swift in Sources */,
			);
			runOnlyForDeploymentPostprocessing = 0;
		};
		68EF23DA1C0DF7C600624F4E /* Sources */ = {
			isa = PBXSourcesBuildPhase;
			buildActionMask = 2147483647;
			files = (
				68EF23E31C0DF7C600624F4E /* MFFiOS2015Tests.swift in Sources */,
			);
			runOnlyForDeploymentPostprocessing = 0;
		};
		68EF23E51C0DF7C600624F4E /* Sources */ = {
			isa = PBXSourcesBuildPhase;
			buildActionMask = 2147483647;
			files = (
				68EF23EE1C0DF7C600624F4E /* MFFiOS2015UITests.swift in Sources */,
			);
			runOnlyForDeploymentPostprocessing = 0;
		};
/* End PBXSourcesBuildPhase section */

/* Begin PBXTargetDependency section */
		68EF23E01C0DF7C600624F4E /* PBXTargetDependency */ = {
			isa = PBXTargetDependency;
			target = 68EF23C91C0DF7C500624F4E /* MFFiOS2015 */;
			targetProxy = 68EF23DF1C0DF7C600624F4E /* PBXContainerItemProxy */;
		};
		68EF23EB1C0DF7C600624F4E /* PBXTargetDependency */ = {
			isa = PBXTargetDependency;
			target = 68EF23C91C0DF7C500624F4E /* MFFiOS2015 */;
			targetProxy = 68EF23EA1C0DF7C600624F4E /* PBXContainerItemProxy */;
		};
/* End PBXTargetDependency section */

/* Begin PBXVariantGroup section */
		68EF23D11C0DF7C500624F4E /* Main.storyboard */ = {
			isa = PBXVariantGroup;
			children = (
				68EF23D21C0DF7C500624F4E /* Base */,
			);
			name = Main.storyboard;
			sourceTree = "<group>";
		};
		68EF23D61C0DF7C500624F4E /* LaunchScreen.storyboard */ = {
			isa = PBXVariantGroup;
			children = (
				68EF23D71C0DF7C500624F4E /* Base */,
			);
			name = LaunchScreen.storyboard;
			sourceTree = "<group>";
		};
/* End PBXVariantGroup section */

/* Begin XCBuildConfiguration section */
		68EF23F01C0DF7C600624F4E /* Debug */ = {
			isa = XCBuildConfiguration;
			buildSettings = {
				ALWAYS_SEARCH_USER_PATHS = NO;
				CLANG_CXX_LANGUAGE_STANDARD = "gnu++0x";
				CLANG_CXX_LIBRARY = "libc++";
				CLANG_ENABLE_MODULES = YES;
				CLANG_ENABLE_OBJC_ARC = YES;
				CLANG_WARN_BOOL_CONVERSION = YES;
				CLANG_WARN_CONSTANT_CONVERSION = YES;
				CLANG_WARN_DIRECT_OBJC_ISA_USAGE = YES_ERROR;
				CLANG_WARN_EMPTY_BODY = YES;
				CLANG_WARN_ENUM_CONVERSION = YES;
				CLANG_WARN_INT_CONVERSION = YES;
				CLANG_WARN_OBJC_ROOT_CLASS = YES_ERROR;
				CLANG_WARN_UNREACHABLE_CODE = YES;
				CLANG_WARN__DUPLICATE_METHOD_MATCH = YES;
				"CODE_SIGN_IDENTITY[sdk=iphoneos*]" = "iPhone Developer";
				COPY_PHASE_STRIP = NO;
				DEBUG_INFORMATION_FORMAT = dwarf;
				ENABLE_STRICT_OBJC_MSGSEND = YES;
				ENABLE_TESTABILITY = YES;
				GCC_C_LANGUAGE_STANDARD = gnu99;
				GCC_DYNAMIC_NO_PIC = NO;
				GCC_NO_COMMON_BLOCKS = YES;
				GCC_OPTIMIZATION_LEVEL = 0;
				GCC_PREPROCESSOR_DEFINITIONS = (
					"DEBUG=1",
					"$(inherited)",
				);
				GCC_WARN_64_TO_32_BIT_CONVERSION = YES;
				GCC_WARN_ABOUT_RETURN_TYPE = YES_ERROR;
				GCC_WARN_UNDECLARED_SELECTOR = YES;
				GCC_WARN_UNINITIALIZED_AUTOS = YES_AGGRESSIVE;
				GCC_WARN_UNUSED_FUNCTION = YES;
				GCC_WARN_UNUSED_VARIABLE = YES;
				IPHONEOS_DEPLOYMENT_TARGET = 9.1;
				MTL_ENABLE_DEBUG_INFO = YES;
				ONLY_ACTIVE_ARCH = YES;
				SDKROOT = iphoneos;
				SWIFT_OPTIMIZATION_LEVEL = "-Onone";
			};
			name = Debug;
		};
		68EF23F11C0DF7C600624F4E /* Release */ = {
			isa = XCBuildConfiguration;
			buildSettings = {
				ALWAYS_SEARCH_USER_PATHS = NO;
				CLANG_CXX_LANGUAGE_STANDARD = "gnu++0x";
				CLANG_CXX_LIBRARY = "libc++";
				CLANG_ENABLE_MODULES = YES;
				CLANG_ENABLE_OBJC_ARC = YES;
				CLANG_WARN_BOOL_CONVERSION = YES;
				CLANG_WARN_CONSTANT_CONVERSION = YES;
				CLANG_WARN_DIRECT_OBJC_ISA_USAGE = YES_ERROR;
				CLANG_WARN_EMPTY_BODY = YES;
				CLANG_WARN_ENUM_CONVERSION = YES;
				CLANG_WARN_INT_CONVERSION = YES;
				CLANG_WARN_OBJC_ROOT_CLASS = YES_ERROR;
				CLANG_WARN_UNREACHABLE_CODE = YES;
				CLANG_WARN__DUPLICATE_METHOD_MATCH = YES;
				"CODE_SIGN_IDENTITY[sdk=iphoneos*]" = "iPhone Developer";
				COPY_PHASE_STRIP = NO;
				DEBUG_INFORMATION_FORMAT = "dwarf-with-dsym";
				ENABLE_NS_ASSERTIONS = NO;
				ENABLE_STRICT_OBJC_MSGSEND = YES;
				GCC_C_LANGUAGE_STANDARD = gnu99;
				GCC_NO_COMMON_BLOCKS = YES;
				GCC_WARN_64_TO_32_BIT_CONVERSION = YES;
				GCC_WARN_ABOUT_RETURN_TYPE = YES_ERROR;
				GCC_WARN_UNDECLARED_SELECTOR = YES;
				GCC_WARN_UNINITIALIZED_AUTOS = YES_AGGRESSIVE;
				GCC_WARN_UNUSED_FUNCTION = YES;
				GCC_WARN_UNUSED_VARIABLE = YES;
				IPHONEOS_DEPLOYMENT_TARGET = 9.1;
				MTL_ENABLE_DEBUG_INFO = NO;
				SDKROOT = iphoneos;
				VALIDATE_PRODUCT = YES;
			};
			name = Release;
		};
		68EF23F31C0DF7C600624F4E /* Debug */ = {
			isa = XCBuildConfiguration;
			buildSettings = {
				ASSETCATALOG_COMPILER_APPICON_NAME = AppIcon;
				INFOPLIST_FILE = MFFiOS2015/Info.plist;
				LD_RUNPATH_SEARCH_PATHS = "$(inherited) @executable_path/Frameworks";
				PRODUCT_BUNDLE_IDENTIFIER = com.avast.MFFiOS2015;
				PRODUCT_NAME = "$(TARGET_NAME)";
			};
			name = Debug;
		};
		68EF23F41C0DF7C600624F4E /* Release */ = {
			isa = XCBuildConfiguration;
			buildSettings = {
				ASSETCATALOG_COMPILER_APPICON_NAME = AppIcon;
				INFOPLIST_FILE = MFFiOS2015/Info.plist;
				LD_RUNPATH_SEARCH_PATHS = "$(inherited) @executable_path/Frameworks";
				PRODUCT_BUNDLE_IDENTIFIER = com.avast.MFFiOS2015;
				PRODUCT_NAME = "$(TARGET_NAME)";
			};
			name = Release;
		};
		68EF23F61C0DF7C600624F4E /* Debug */ = {
			isa = XCBuildConfiguration;
			buildSettings = {
				BUNDLE_LOADER = "$(TEST_HOST)";
				INFOPLIST_FILE = MFFiOS2015Tests/Info.plist;
				LD_RUNPATH_SEARCH_PATHS = "$(inherited) @executable_path/Frameworks @loader_path/Frameworks";
				PRODUCT_BUNDLE_IDENTIFIER = com.avast.MFFiOS2015Tests;
				PRODUCT_NAME = "$(TARGET_NAME)";
				TEST_HOST = "$(BUILT_PRODUCTS_DIR)/MFFiOS2015.app/MFFiOS2015";
			};
			name = Debug;
		};
		68EF23F71C0DF7C600624F4E /* Release */ = {
			isa = XCBuildConfiguration;
			buildSettings = {
				BUNDLE_LOADER = "$(TEST_HOST)";
				INFOPLIST_FILE = MFFiOS2015Tests/Info.plist;
				LD_RUNPATH_SEARCH_PATHS = "$(inherited) @executable_path/Frameworks @loader_path/Frameworks";
				PRODUCT_BUNDLE_IDENTIFIER = com.avast.MFFiOS2015Tests;
				PRODUCT_NAME = "$(TARGET_NAME)";
				TEST_HOST = "$(BUILT_PRODUCTS_DIR)/MFFiOS2015.app/MFFiOS2015";
			};
			name = Release;
		};
		68EF23F91C0DF7C600624F4E /* Debug */ = {
			isa = XCBuildConfiguration;
			buildSettings = {
				INFOPLIST_FILE = MFFiOS2015UITests/Info.plist;
				LD_RUNPATH_SEARCH_PATHS = "$(inherited) @executable_path/Frameworks @loader_path/Frameworks";
				PRODUCT_BUNDLE_IDENTIFIER = com.avast.MFFiOS2015UITests;
				PRODUCT_NAME = "$(TARGET_NAME)";
				TEST_TARGET_NAME = MFFiOS2015;
				USES_XCTRUNNER = YES;
			};
			name = Debug;
		};
		68EF23FA1C0DF7C600624F4E /* Release */ = {
			isa = XCBuildConfiguration;
			buildSettings = {
				INFOPLIST_FILE = MFFiOS2015UITests/Info.plist;
				LD_RUNPATH_SEARCH_PATHS = "$(inherited) @executable_path/Frameworks @loader_path/Frameworks";
				PRODUCT_BUNDLE_IDENTIFIER = com.avast.MFFiOS2015UITests;
				PRODUCT_NAME = "$(TARGET_NAME)";
				TEST_TARGET_NAME = MFFiOS2015;
				USES_XCTRUNNER = YES;
			};
			name = Release;
		};
/* End XCBuildConfiguration section */

/* Begin XCConfigurationList section */
		68EF23C51C0DF7C500624F4E /* Build configuration list for PBXProject "MFFiOS2015" */ = {
			isa = XCConfigurationList;
			buildConfigurations = (
				68EF23F01C0DF7C600624F4E /* Debug */,
				68EF23F11C0DF7C600624F4E /* Release */,
			);
			defaultConfigurationIsVisible = 0;
			defaultConfigurationName = Release;
		};
		68EF23F21C0DF7C600624F4E /* Build configuration list for PBXNativeTarget "MFFiOS2015" */ = {
			isa = XCConfigurationList;
			buildConfigurations = (
				68EF23F31C0DF7C600624F4E /* Debug */,
				68EF23F41C0DF7C600624F4E /* Release */,
			);
			defaultConfigurationIsVisible = 0;
		};
		68EF23F51C0DF7C600624F4E /* Build configuration list for PBXNativeTarget "MFFiOS2015Tests" */ = {
			isa = XCConfigurationList;
			buildConfigurations = (
				68EF23F61C0DF7C600624F4E /* Debug */,
				68EF23F71C0DF7C600624F4E /* Release */,
			);
			defaultConfigurationIsVisible = 0;
		};
		68EF23F81C0DF7C600624F4E /* Build configuration list for PBXNativeTarget "MFFiOS2015UITests" */ = {
			isa = XCConfigurationList;
			buildConfigurations = (
				68EF23F91C0DF7C600624F4E /* Debug */,
				68EF23FA1C0DF7C600624F4E /* Release */,
			);
			defaultConfigurationIsVisible = 0;
		};
/* End XCConfigurationList section */
	};
	rootObject = 68EF23C21C0DF7C500624F4E /* Project object */;
}
